// !$*UTF8*$!
{
	archiveVersion = 1;
	classes = {
	};
	objectVersion = 46;
	objects = {

/* Begin PBXBuildFile section */
		6BBE3C241E4E9740001646E9 /* Queue.swift in Sources */ = {isa = PBXBuildFile; fileRef = 6BBE3C231E4E9740001646E9 /* Queue.swift */; };
		8423A6651E8DE40300C94A9C /* BroForce.mp3 in Resources */ = {isa = PBXBuildFile; fileRef = 8423A65E1E8DE40300C94A9C /* BroForce.mp3 */; };
		8423A6661E8DE40300C94A9C /* gunSelect.mp3 in Resources */ = {isa = PBXBuildFile; fileRef = 8423A65F1E8DE40300C94A9C /* gunSelect.mp3 */; };
		8423A6671E8DE40300C94A9C /* nextBullet.mp3 in Resources */ = {isa = PBXBuildFile; fileRef = 8423A6601E8DE40300C94A9C /* nextBullet.mp3 */; };
		8423A6681E8DE40300C94A9C /* playerDie.mp3 in Resources */ = {isa = PBXBuildFile; fileRef = 8423A6611E8DE40300C94A9C /* playerDie.mp3 */; };
		8423A6691E8DE40300C94A9C /* shot.mp3 in Resources */ = {isa = PBXBuildFile; fileRef = 8423A6621E8DE40300C94A9C /* shot.mp3 */; };
		8423A66A1E8DE40300C94A9C /* zDie.mp3 in Resources */ = {isa = PBXBuildFile; fileRef = 8423A6631E8DE40300C94A9C /* zDie.mp3 */; };
		8423A66B1E8DE40300C94A9C /* zStillAlive.mp3 in Resources */ = {isa = PBXBuildFile; fileRef = 8423A6641E8DE40300C94A9C /* zStillAlive.mp3 */; };
		8423A66D1E8DFBB400C94A9C /* Nosifer-Regular.ttf in Resources */ = {isa = PBXBuildFile; fileRef = 8423A66C1E8DFA5D00C94A9C /* Nosifer-Regular.ttf */; };
		84DC26261E48654000BFA266 /* AppDelegate.swift in Sources */ = {isa = PBXBuildFile; fileRef = 84DC26251E48654000BFA266 /* AppDelegate.swift */; };
		84DC262A1E48654000BFA266 /* Actions.sks in Resources */ = {isa = PBXBuildFile; fileRef = 84DC26291E48654000BFA266 /* Actions.sks */; };
		84DC262C1E48654000BFA266 /* GameScene.swift in Sources */ = {isa = PBXBuildFile; fileRef = 84DC262B1E48654000BFA266 /* GameScene.swift */; };
		84DC262E1E48654000BFA266 /* GameViewController.swift in Sources */ = {isa = PBXBuildFile; fileRef = 84DC262D1E48654000BFA266 /* GameViewController.swift */; };
		84DC26311E48654000BFA266 /* Main.storyboard in Resources */ = {isa = PBXBuildFile; fileRef = 84DC262F1E48654000BFA266 /* Main.storyboard */; };
		84DC26331E48654000BFA266 /* Assets.xcassets in Resources */ = {isa = PBXBuildFile; fileRef = 84DC26321E48654000BFA266 /* Assets.xcassets */; };
		84DC26361E48654000BFA266 /* LaunchScreen.storyboard in Resources */ = {isa = PBXBuildFile; fileRef = 84DC26341E48654000BFA266 /* LaunchScreen.storyboard */; };
		84DC263E1E48672300BFA266 /* BackgroundTileSet.sks in Resources */ = {isa = PBXBuildFile; fileRef = 84DC263D1E48672300BFA266 /* BackgroundTileSet.sks */; };
		BF4B09311E6E159F0045C317 /* HomeScene.swift in Sources */ = {isa = PBXBuildFile; fileRef = BF4B09301E6E159F0045C317 /* HomeScene.swift */; };
		BFB39D251E69F8DF00130D74 /* GameOverScene.swift in Sources */ = {isa = PBXBuildFile; fileRef = BFB39D241E69F8DF00130D74 /* GameOverScene.swift */; };
		BFB39D271E6A028100130D74 /* GameScene.sks in Resources */ = {isa = PBXBuildFile; fileRef = 84DC26271E48654000BFA266 /* GameScene.sks */; };
/* End PBXBuildFile section */

/* Begin PBXFileReference section */
		6BBE3C231E4E9740001646E9 /* Queue.swift */ = {isa = PBXFileReference; fileEncoding = 4; lastKnownFileType = sourcecode.swift; path = Queue.swift; sourceTree = "<group>"; };
		8423A65E1E8DE40300C94A9C /* BroForce.mp3 */ = {isa = PBXFileReference; lastKnownFileType = audio.mp3; path = BroForce.mp3; sourceTree = "<group>"; };
		8423A65F1E8DE40300C94A9C /* gunSelect.mp3 */ = {isa = PBXFileReference; lastKnownFileType = audio.mp3; path = gunSelect.mp3; sourceTree = "<group>"; };
		8423A6601E8DE40300C94A9C /* nextBullet.mp3 */ = {isa = PBXFileReference; lastKnownFileType = audio.mp3; path = nextBullet.mp3; sourceTree = "<group>"; };
		8423A6611E8DE40300C94A9C /* playerDie.mp3 */ = {isa = PBXFileReference; lastKnownFileType = audio.mp3; path = playerDie.mp3; sourceTree = "<group>"; };
		8423A6621E8DE40300C94A9C /* shot.mp3 */ = {isa = PBXFileReference; lastKnownFileType = audio.mp3; path = shot.mp3; sourceTree = "<group>"; };
		8423A6631E8DE40300C94A9C /* zDie.mp3 */ = {isa = PBXFileReference; lastKnownFileType = audio.mp3; path = zDie.mp3; sourceTree = "<group>"; };
		8423A6641E8DE40300C94A9C /* zStillAlive.mp3 */ = {isa = PBXFileReference; lastKnownFileType = audio.mp3; path = zStillAlive.mp3; sourceTree = "<group>"; };
		8423A66C1E8DFA5D00C94A9C /* Nosifer-Regular.ttf */ = {isa = PBXFileReference; lastKnownFileType = file; path = "Nosifer-Regular.ttf"; sourceTree = "<group>"; };
		84DC26221E48654000BFA266 /* MathOfTheDead.app */ = {isa = PBXFileReference; explicitFileType = wrapper.application; includeInIndex = 0; path = MathOfTheDead.app; sourceTree = BUILT_PRODUCTS_DIR; };
		84DC26251E48654000BFA266 /* AppDelegate.swift */ = {isa = PBXFileReference; lastKnownFileType = sourcecode.swift; path = AppDelegate.swift; sourceTree = "<group>"; };
		84DC26271E48654000BFA266 /* GameScene.sks */ = {isa = PBXFileReference; lastKnownFileType = file.sks; path = GameScene.sks; sourceTree = "<group>"; };
		84DC26291E48654000BFA266 /* Actions.sks */ = {isa = PBXFileReference; lastKnownFileType = file.sks; path = Actions.sks; sourceTree = "<group>"; };
		84DC262B1E48654000BFA266 /* GameScene.swift */ = {isa = PBXFileReference; lastKnownFileType = sourcecode.swift; path = GameScene.swift; sourceTree = "<group>"; };
		84DC262D1E48654000BFA266 /* GameViewController.swift */ = {isa = PBXFileReference; lastKnownFileType = sourcecode.swift; path = GameViewController.swift; sourceTree = "<group>"; };
		84DC26301E48654000BFA266 /* Base */ = {isa = PBXFileReference; lastKnownFileType = file.storyboard; name = Base; path = Base.lproj/Main.storyboard; sourceTree = "<group>"; };
		84DC26321E48654000BFA266 /* Assets.xcassets */ = {isa = PBXFileReference; lastKnownFileType = folder.assetcatalog; path = Assets.xcassets; sourceTree = "<group>"; };
		84DC26351E48654000BFA266 /* Base */ = {isa = PBXFileReference; lastKnownFileType = file.storyboard; name = Base; path = Base.lproj/LaunchScreen.storyboard; sourceTree = "<group>"; };
		84DC26371E48654000BFA266 /* Info.plist */ = {isa = PBXFileReference; lastKnownFileType = text.plist.xml; path = Info.plist; sourceTree = "<group>"; };
		84DC263D1E48672300BFA266 /* BackgroundTileSet.sks */ = {isa = PBXFileReference; lastKnownFileType = file.sks; path = BackgroundTileSet.sks; sourceTree = "<group>"; };
		BF4B09301E6E159F0045C317 /* HomeScene.swift */ = {isa = PBXFileReference; fileEncoding = 4; lastKnownFileType = sourcecode.swift; path = HomeScene.swift; sourceTree = "<group>"; };
		BFB39D241E69F8DF00130D74 /* GameOverScene.swift */ = {isa = PBXFileReference; fileEncoding = 4; lastKnownFileType = sourcecode.swift; path = GameOverScene.swift; sourceTree = "<group>"; };
/* End PBXFileReference section */

/* Begin PBXFrameworksBuildPhase section */
		84DC261F1E48654000BFA266 /* Frameworks */ = {
			isa = PBXFrameworksBuildPhase;
			buildActionMask = 2147483647;
			files = (
			);
			runOnlyForDeploymentPostprocessing = 0;
		};
/* End PBXFrameworksBuildPhase section */

/* Begin PBXGroup section */
		84DC26191E48654000BFA266 = {
			isa = PBXGroup;
			children = (
				84DC26241E48654000BFA266 /* MathOfTheDead */,
				84DC26231E48654000BFA266 /* Products */,
			);
			sourceTree = "<group>";
		};
		84DC26231E48654000BFA266 /* Products */ = {
			isa = PBXGroup;
			children = (
				84DC26221E48654000BFA266 /* MathOfTheDead.app */,
			);
			name = Products;
			sourceTree = "<group>";
		};
		84DC26241E48654000BFA266 /* MathOfTheDead */ = {
			isa = PBXGroup;
			children = (
				8423A66C1E8DFA5D00C94A9C /* Nosifer-Regular.ttf */,
				8423A65E1E8DE40300C94A9C /* BroForce.mp3 */,
				8423A65F1E8DE40300C94A9C /* gunSelect.mp3 */,
				8423A6601E8DE40300C94A9C /* nextBullet.mp3 */,
				8423A6611E8DE40300C94A9C /* playerDie.mp3 */,
				8423A6621E8DE40300C94A9C /* shot.mp3 */,
				8423A6631E8DE40300C94A9C /* zDie.mp3 */,
				8423A6641E8DE40300C94A9C /* zStillAlive.mp3 */,
				6BBE3C231E4E9740001646E9 /* Queue.swift */,
				84DC26251E48654000BFA266 /* AppDelegate.swift */,
				84DC26271E48654000BFA266 /* GameScene.sks */,
				84DC263D1E48672300BFA266 /* BackgroundTileSet.sks */,
				84DC26291E48654000BFA266 /* Actions.sks */,
				84DC262B1E48654000BFA266 /* GameScene.swift */,
				84DC262D1E48654000BFA266 /* GameViewController.swift */,
				84DC262F1E48654000BFA266 /* Main.storyboard */,
				84DC26321E48654000BFA266 /* Assets.xcassets */,
				84DC26341E48654000BFA266 /* LaunchScreen.storyboard */,
				84DC26371E48654000BFA266 /* Info.plist */,
				BFB39D241E69F8DF00130D74 /* GameOverScene.swift */,
				BF4B09301E6E159F0045C317 /* HomeScene.swift */,
			);
			path = MathOfTheDead;
			sourceTree = "<group>";
		};
/* End PBXGroup section */

/* Begin PBXNativeTarget section */
		84DC26211E48654000BFA266 /* MathOfTheDead */ = {
			isa = PBXNativeTarget;
			buildConfigurationList = 84DC263A1E48654000BFA266 /* Build configuration list for PBXNativeTarget "MathOfTheDead" */;
			buildPhases = (
				84DC261E1E48654000BFA266 /* Sources */,
				84DC261F1E48654000BFA266 /* Frameworks */,
				84DC26201E48654000BFA266 /* Resources */,
			);
			buildRules = (
			);
			dependencies = (
			);
			name = MathOfTheDead;
			productName = MathOfTheDead;
			productReference = 84DC26221E48654000BFA266 /* MathOfTheDead.app */;
			productType = "com.apple.product-type.application";
		};
/* End PBXNativeTarget section */

/* Begin PBXProject section */
		84DC261A1E48654000BFA266 /* Project object */ = {
			isa = PBXProject;
			attributes = {
				LastSwiftUpdateCheck = 0820;
				LastUpgradeCheck = 0820;
				ORGANIZATIONNAME = NGU;
				TargetAttributes = {
					84DC26211E48654000BFA266 = {
						CreatedOnToolsVersion = 8.2.1;
						DevelopmentTeam = 3T8BJ2ZAY7;
						ProvisioningStyle = Automatic;
					};
				};
			};
			buildConfigurationList = 84DC261D1E48654000BFA266 /* Build configuration list for PBXProject "MathOfTheDead" */;
			compatibilityVersion = "Xcode 3.2";
			developmentRegion = English;
			hasScannedForEncodings = 0;
			knownRegions = (
				en,
				Base,
			);
			mainGroup = 84DC26191E48654000BFA266;
			productRefGroup = 84DC26231E48654000BFA266 /* Products */;
			projectDirPath = "";
			projectRoot = "";
			targets = (
				84DC26211E48654000BFA266 /* MathOfTheDead */,
			);
		};
/* End PBXProject section */

/* Begin PBXResourcesBuildPhase section */
		84DC26201E48654000BFA266 /* Resources */ = {
			isa = PBXResourcesBuildPhase;
			buildActionMask = 2147483647;
			files = (
				84DC263E1E48672300BFA266 /* BackgroundTileSet.sks in Resources */,
				8423A66B1E8DE40300C94A9C /* zStillAlive.mp3 in Resources */,
				8423A6691E8DE40300C94A9C /* shot.mp3 in Resources */,
				8423A66A1E8DE40300C94A9C /* zDie.mp3 in Resources */,
				8423A6651E8DE40300C94A9C /* BroForce.mp3 in Resources */,
				84DC26311E48654000BFA266 /* Main.storyboard in Resources */,
				8423A66D1E8DFBB400C94A9C /* Nosifer-Regular.ttf in Resources */,
				84DC26331E48654000BFA266 /* Assets.xcassets in Resources */,
				84DC26361E48654000BFA266 /* LaunchScreen.storyboard in Resources */,
				8423A6661E8DE40300C94A9C /* gunSelect.mp3 in Resources */,
				8423A6681E8DE40300C94A9C /* playerDie.mp3 in Resources */,
				BFB39D271E6A028100130D74 /* GameScene.sks in Resources */,
				8423A6671E8DE40300C94A9C /* nextBullet.mp3 in Resources */,
				84DC262A1E48654000BFA266 /* Actions.sks in Resources */,
			);
			runOnlyForDeploymentPostprocessing = 0;
		};
/* End PBXResourcesBuildPhase section */

/* Begin PBXSourcesBuildPhase section */
		84DC261E1E48654000BFA266 /* Sources */ = {
			isa = PBXSourcesBuildPhase;
			buildActionMask = 2147483647;
			files = (
				BFB39D251E69F8DF00130D74 /* GameOverScene.swift in Sources */,
				84DC262C1E48654000BFA266 /* GameScene.swift in Sources */,
				84DC262E1E48654000BFA266 /* GameViewController.swift in Sources */,
				BF4B09311E6E159F0045C317 /* HomeScene.swift in Sources */,
				84DC26261E48654000BFA266 /* AppDelegate.swift in Sources */,
				6BBE3C241E4E9740001646E9 /* Queue.swift in Sources */,
			);
			runOnlyForDeploymentPostprocessing = 0;
		};
/* End PBXSourcesBuildPhase section */

/* Begin PBXVariantGroup section */
		84DC262F1E48654000BFA266 /* Main.storyboard */ = {
			isa = PBXVariantGroup;
			children = (
				84DC26301E48654000BFA266 /* Base */,
			);
			name = Main.storyboard;
			sourceTree = "<group>";
		};
		84DC26341E48654000BFA266 /* LaunchScreen.storyboard */ = {
			isa = PBXVariantGroup;
			children = (
				84DC26351E48654000BFA266 /* Base */,
			);
			name = LaunchScreen.storyboard;
			sourceTree = "<group>";
		};
/* End PBXVariantGroup section */

/* Begin XCBuildConfiguration section */
		84DC26381E48654000BFA266 /* Debug */ = {
			isa = XCBuildConfiguration;
			buildSettings = {
				ALWAYS_SEARCH_USER_PATHS = NO;
				CLANG_ANALYZER_NONNULL = YES;
				CLANG_CXX_LANGUAGE_STANDARD = "gnu++0x";
				CLANG_CXX_LIBRARY = "libc++";
				CLANG_ENABLE_MODULES = YES;
				CLANG_ENABLE_OBJC_ARC = YES;
				CLANG_WARN_BOOL_CONVERSION = YES;
				CLANG_WARN_CONSTANT_CONVERSION = YES;
				CLANG_WARN_DIRECT_OBJC_ISA_USAGE = YES_ERROR;
				CLANG_WARN_DOCUMENTATION_COMMENTS = YES;
				CLANG_WARN_EMPTY_BODY = YES;
				CLANG_WARN_ENUM_CONVERSION = YES;
				CLANG_WARN_INFINITE_RECURSION = YES;
				CLANG_WARN_INT_CONVERSION = YES;
				CLANG_WARN_OBJC_ROOT_CLASS = YES_ERROR;
				CLANG_WARN_SUSPICIOUS_MOVE = YES;
				CLANG_WARN_UNREACHABLE_CODE = YES;
				CLANG_WARN__DUPLICATE_METHOD_MATCH = YES;
				"CODE_SIGN_IDENTITY[sdk=iphoneos*]" = "iPhone Developer";
				COPY_PHASE_STRIP = NO;
				DEBUG_INFORMATION_FORMAT = dwarf;
				ENABLE_STRICT_OBJC_MSGSEND = YES;
				ENABLE_TESTABILITY = YES;
				GCC_C_LANGUAGE_STANDARD = gnu99;
				GCC_DYNAMIC_NO_PIC = NO;
				GCC_NO_COMMON_BLOCKS = YES;
				GCC_OPTIMIZATION_LEVEL = 0;
				GCC_PREPROCESSOR_DEFINITIONS = (
					"DEBUG=1",
					"$(inherited)",
				);
				GCC_WARN_64_TO_32_BIT_CONVERSION = YES;
				GCC_WARN_ABOUT_RETURN_TYPE = YES_ERROR;
				GCC_WARN_UNDECLARED_SELECTOR = YES;
				GCC_WARN_UNINITIALIZED_AUTOS = YES_AGGRESSIVE;
				GCC_WARN_UNUSED_FUNCTION = YES;
				GCC_WARN_UNUSED_VARIABLE = YES;
				IPHONEOS_DEPLOYMENT_TARGET = 10.2;
				MTL_ENABLE_DEBUG_INFO = YES;
				ONLY_ACTIVE_ARCH = YES;
				SDKROOT = iphoneos;
				SWIFT_ACTIVE_COMPILATION_CONDITIONS = DEBUG;
				SWIFT_OPTIMIZATION_LEVEL = "-Onone";
				TARGETED_DEVICE_FAMILY = "1,2";
			};
			name = Debug;
		};
		84DC26391E48654000BFA266 /* Release */ = {
			isa = XCBuildConfiguration;
			buildSettings = {
				ALWAYS_SEARCH_USER_PATHS = NO;
				CLANG_ANALYZER_NONNULL = YES;
				CLANG_CXX_LANGUAGE_STANDARD = "gnu++0x";
				CLANG_CXX_LIBRARY = "libc++";
				CLANG_ENABLE_MODULES = YES;
				CLANG_ENABLE_OBJC_ARC = YES;
				CLANG_WARN_BOOL_CONVERSION = YES;
				CLANG_WARN_CONSTANT_CONVERSION = YES;
				CLANG_WARN_DIRECT_OBJC_ISA_USAGE = YES_ERROR;
				CLANG_WARN_DOCUMENTATION_COMMENTS = YES;
				CLANG_WARN_EMPTY_BODY = YES;
				CLANG_WARN_ENUM_CONVERSION = YES;
				CLANG_WARN_INFINITE_RECURSION = YES;
				CLANG_WARN_INT_CONVERSION = YES;
				CLANG_WARN_OBJC_ROOT_CLASS = YES_ERROR;
				CLANG_WARN_SUSPICIOUS_MOVE = YES;
				CLANG_WARN_UNREACHABLE_CODE = YES;
				CLANG_WARN__DUPLICATE_METHOD_MATCH = YES;
				"CODE_SIGN_IDENTITY[sdk=iphoneos*]" = "iPhone Developer";
				COPY_PHASE_STRIP = NO;
				DEBUG_INFORMATION_FORMAT = "dwarf-with-dsym";
				ENABLE_NS_ASSERTIONS = NO;
				ENABLE_STRICT_OBJC_MSGSEND = YES;
				GCC_C_LANGUAGE_STANDARD = gnu99;
				GCC_NO_COMMON_BLOCKS = YES;
				GCC_WARN_64_TO_32_BIT_CONVERSION = YES;
				GCC_WARN_ABOUT_RETURN_TYPE = YES_ERROR;
				GCC_WARN_UNDECLARED_SELECTOR = YES;
				GCC_WARN_UNINITIALIZED_AUTOS = YES_AGGRESSIVE;
				GCC_WARN_UNUSED_FUNCTION = YES;
				GCC_WARN_UNUSED_VARIABLE = YES;
				IPHONEOS_DEPLOYMENT_TARGET = 10.2;
				MTL_ENABLE_DEBUG_INFO = NO;
				SDKROOT = iphoneos;
				SWIFT_OPTIMIZATION_LEVEL = "-Owholemodule";
				TARGETED_DEVICE_FAMILY = "1,2";
				VALIDATE_PRODUCT = YES;
			};
			name = Release;
		};
		84DC263B1E48654000BFA266 /* Debug */ = {
			isa = XCBuildConfiguration;
			buildSettings = {
				ASSETCATALOG_COMPILER_APPICON_NAME = AppIcon;
				DEVELOPMENT_TEAM = 3T8BJ2ZAY7;
				INFOPLIST_FILE = MathOfTheDead/Info.plist;
				LD_RUNPATH_SEARCH_PATHS = "$(inherited) @executable_path/Frameworks";
				PRODUCT_BUNDLE_IDENTIFIER = NGU.MathOfTheDead;
				PRODUCT_NAME = "$(TARGET_NAME)";
				SWIFT_VERSION = 3.0;
			};
			name = Debug;
		};
		84DC263C1E48654000BFA266 /* Release */ = {
			isa = XCBuildConfiguration;
			buildSettings = {
				ASSETCATALOG_COMPILER_APPICON_NAME = AppIcon;
				DEVELOPMENT_TEAM = 3T8BJ2ZAY7;
				INFOPLIST_FILE = MathOfTheDead/Info.plist;
				LD_RUNPATH_SEARCH_PATHS = "$(inherited) @executable_path/Frameworks";
				PRODUCT_BUNDLE_IDENTIFIER = NGU.MathOfTheDead;
				PRODUCT_NAME = "$(TARGET_NAME)";
				SWIFT_VERSION = 3.0;
			};
			name = Release;
		};
/* End XCBuildConfiguration section */

/* Begin XCConfigurationList section */
		84DC261D1E48654000BFA266 /* Build configuration list for PBXProject "MathOfTheDead" */ = {
			isa = XCConfigurationList;
			buildConfigurations = (
				84DC26381E48654000BFA266 /* Debug */,
				84DC26391E48654000BFA266 /* Release */,
			);
			defaultConfigurationIsVisible = 0;
			defaultConfigurationName = Release;
		};
		84DC263A1E48654000BFA266 /* Build configuration list for PBXNativeTarget "MathOfTheDead" */ = {
			isa = XCConfigurationList;
			buildConfigurations = (
				84DC263B1E48654000BFA266 /* Debug */,
				84DC263C1E48654000BFA266 /* Release */,
			);
			defaultConfigurationIsVisible = 0;
			defaultConfigurationName = Release;
		};
/* End XCConfigurationList section */
	};
	rootObject = 84DC261A1E48654000BFA266 /* Project object */;
}
